
Microsoft Visual Studio Solution File, Format Version 12.00
# Visual Studio 2012
Project("{8BC9CEB8-8B4A-11D0-8D11-00A0C91BC942}") = "Транзакции лена", "Транзакции лена\Транзакции лена.vcxproj", "{14B2C146-E59A-417F-A1C5-D18C8BAD291C}"
EndProject
Global
	GlobalSection(SolutionConfigurationPlatforms) = preSolution
		Debug|Win32 = Debug|Win32
		Release|Win32 = Release|Win32
	EndGlobalSection
	GlobalSection(ProjectConfigurationPlatforms) = postSolution
		{14B2C146-E59A-417F-A1C5-D18C8BAD291C}.Debug|Win32.ActiveCfg = Debug|Win32
		{14B2C146-E59A-417F-A1C5-D18C8BAD291C}.Debug|Win32.Build.0 = Debug|Win32
		{14B2C146-E59A-417F-A1C5-D18C8BAD291C}.Release|Win32.ActiveCfg = Release|Win32
		{14B2C146-E59A-417F-A1C5-D18C8BAD291C}.Release|Win32.Build.0 = Release|Win32
	EndGlobalSection
	GlobalSection(SolutionProperties) = preSolution
		HideSolutionNode = FALSE
	EndGlobalSection
EndGlobal
